
Microsoft Visual Studio Solution File, Format Version 12.00
# Visual Studio Version 16
VisualStudioVersion = 16.0.30330.147
MinimumVisualStudioVersion = 10.0.40219.1
Project("{FAE04EC0-301F-11D3-BF4B-00C04F79EFBC}") = "ChallengeOne.Console", "GoldBadge_ConsoleApplicationChallenges\ChallengeOne.Console.csproj", "{BC720C62-A968-4F58-A091-621C2074FB31}"
EndProject
Project("{FAE04EC0-301F-11D3-BF4B-00C04F79EFBC}") = "ChallengeOne.Repository", "ChallengeOne.Repository\ChallengeOne.Repository.csproj", "{AF959BAB-A4D9-4898-B46D-EE24874A74EE}"
EndProject
Project("{FAE04EC0-301F-11D3-BF4B-00C04F79EFBC}") = "ChallengeOne.UnitTests", "ChallengeOne.UnitTests\ChallengeOne.UnitTests.csproj", "{589A991D-C9DA-4672-AB61-289299723FFD}"
EndProject
Project("{FAE04EC0-301F-11D3-BF4B-00C04F79EFBC}") = "ChallengeTwo.Program", "ChallengeTwo.Console\ChallengeTwo.Program.csproj", "{33090ED9-D076-423F-9695-29EF41BDDE11}"
EndProject
Project("{FAE04EC0-301F-11D3-BF4B-00C04F79EFBC}") = "ChallengeTwo.Repository", "ChallengeTwo.Repository\ChallengeTwo.Repository.csproj", "{F76F0ADF-7B85-435D-A732-778B866671CD}"
EndProject
Project("{FAE04EC0-301F-11D3-BF4B-00C04F79EFBC}") = "ChallengeTwo.UnitTests", "ChallengeTwo.UnitTests\ChallengeTwo.UnitTests.csproj", "{E7A03BF5-009E-4FC9-98CA-0F68383F7C87}"
EndProject
Project("{FAE04EC0-301F-11D3-BF4B-00C04F79EFBC}") = "ChallengeThree.Program", "ChallengeThree.Program\ChallengeThree.Program.csproj", "{688296DD-35DF-437E-8FBB-1C9B81FE7496}"
EndProject
Project("{FAE04EC0-301F-11D3-BF4B-00C04F79EFBC}") = "ChallengeThree.Repository", "ChallengeThree.Repository\ChallengeThree.Repository.csproj", "{F102FC97-C870-4079-B074-CE708CF3A82D}"
EndProject
Project("{FAE04EC0-301F-11D3-BF4B-00C04F79EFBC}") = "ChallengeThree.UnitTests", "ChallengeThree.UnitTests\ChallengeThree.UnitTests.csproj", "{F47950DD-2DF3-44E9-AB07-C6EC78F97ADB}"
EndProject
Global
	GlobalSection(SolutionConfigurationPlatforms) = preSolution
		Debug|Any CPU = Debug|Any CPU
		Release|Any CPU = Release|Any CPU
	EndGlobalSection
	GlobalSection(ProjectConfigurationPlatforms) = postSolution
		{BC720C62-A968-4F58-A091-621C2074FB31}.Debug|Any CPU.ActiveCfg = Debug|Any CPU
		{BC720C62-A968-4F58-A091-621C2074FB31}.Debug|Any CPU.Build.0 = Debug|Any CPU
		{BC720C62-A968-4F58-A091-621C2074FB31}.Release|Any CPU.ActiveCfg = Release|Any CPU
		{BC720C62-A968-4F58-A091-621C2074FB31}.Release|Any CPU.Build.0 = Release|Any CPU
		{AF959BAB-A4D9-4898-B46D-EE24874A74EE}.Debug|Any CPU.ActiveCfg = Debug|Any CPU
		{AF959BAB-A4D9-4898-B46D-EE24874A74EE}.Debug|Any CPU.Build.0 = Debug|Any CPU
		{AF959BAB-A4D9-4898-B46D-EE24874A74EE}.Release|Any CPU.ActiveCfg = Release|Any CPU
		{AF959BAB-A4D9-4898-B46D-EE24874A74EE}.Release|Any CPU.Build.0 = Release|Any CPU
		{589A991D-C9DA-4672-AB61-289299723FFD}.Debug|Any CPU.ActiveCfg = Debug|Any CPU
		{589A991D-C9DA-4672-AB61-289299723FFD}.Debug|Any CPU.Build.0 = Debug|Any CPU
		{589A991D-C9DA-4672-AB61-289299723FFD}.Release|Any CPU.ActiveCfg = Release|Any CPU
		{589A991D-C9DA-4672-AB61-289299723FFD}.Release|Any CPU.Build.0 = Release|Any CPU
		{33090ED9-D076-423F-9695-29EF41BDDE11}.Debug|Any CPU.ActiveCfg = Debug|Any CPU
		{33090ED9-D076-423F-9695-29EF41BDDE11}.Debug|Any CPU.Build.0 = Debug|Any CPU
		{33090ED9-D076-423F-9695-29EF41BDDE11}.Release|Any CPU.ActiveCfg = Release|Any CPU
		{33090ED9-D076-423F-9695-29EF41BDDE11}.Release|Any CPU.Build.0 = Release|Any CPU
		{F76F0ADF-7B85-435D-A732-778B866671CD}.Debug|Any CPU.ActiveCfg = Debug|Any CPU
		{F76F0ADF-7B85-435D-A732-778B866671CD}.Debug|Any CPU.Build.0 = Debug|Any CPU
		{F76F0ADF-7B85-435D-A732-778B866671CD}.Release|Any CPU.ActiveCfg = Release|Any CPU
		{F76F0ADF-7B85-435D-A732-778B866671CD}.Release|Any CPU.Build.0 = Release|Any CPU
		{E7A03BF5-009E-4FC9-98CA-0F68383F7C87}.Debug|Any CPU.ActiveCfg = Debug|Any CPU
		{E7A03BF5-009E-4FC9-98CA-0F68383F7C87}.Debug|Any CPU.Build.0 = Debug|Any CPU
		{E7A03BF5-009E-4FC9-98CA-0F68383F7C87}.Release|Any CPU.ActiveCfg = Release|Any CPU
		{E7A03BF5-009E-4FC9-98CA-0F68383F7C87}.Release|Any CPU.Build.0 = Release|Any CPU
		{688296DD-35DF-437E-8FBB-1C9B81FE7496}.Debug|Any CPU.ActiveCfg = Debug|Any CPU
		{688296DD-35DF-437E-8FBB-1C9B81FE7496}.Debug|Any CPU.Build.0 = Debug|Any CPU
		{688296DD-35DF-437E-8FBB-1C9B81FE7496}.Release|Any CPU.ActiveCfg = Release|Any CPU
		{688296DD-35DF-437E-8FBB-1C9B81FE7496}.Release|Any CPU.Build.0 = Release|Any CPU
		{F102FC97-C870-4079-B074-CE708CF3A82D}.Debug|Any CPU.ActiveCfg = Debug|Any CPU
		{F102FC97-C870-4079-B074-CE708CF3A82D}.Debug|Any CPU.Build.0 = Debug|Any CPU
		{F102FC97-C870-4079-B074-CE708CF3A82D}.Release|Any CPU.ActiveCfg = Release|Any CPU
		{F102FC97-C870-4079-B074-CE708CF3A82D}.Release|Any CPU.Build.0 = Release|Any CPU
		{F47950DD-2DF3-44E9-AB07-C6EC78F97ADB}.Debug|Any CPU.ActiveCfg = Debug|Any CPU
		{F47950DD-2DF3-44E9-AB07-C6EC78F97ADB}.Debug|Any CPU.Build.0 = Debug|Any CPU
		{F47950DD-2DF3-44E9-AB07-C6EC78F97ADB}.Release|Any CPU.ActiveCfg = Release|Any CPU
		{F47950DD-2DF3-44E9-AB07-C6EC78F97ADB}.Release|Any CPU.Build.0 = Release|Any CPU
	EndGlobalSection
	GlobalSection(SolutionProperties) = preSolution
		HideSolutionNode = FALSE
	EndGlobalSection
	GlobalSection(ExtensibilityGlobals) = postSolution
		SolutionGuid = {19FA4040-6DB5-4A6A-A889-D243112E3A13}
	EndGlobalSection
EndGlobal
